# THIS IS AN AUTOGENERATED FILE. DO NOT EDIT THIS FILE DIRECTLY.
# yarn lockfile v1


bs-platform@^5.0.6:
  version "5.2.1"
  resolved "https://artifactory.spotify.net/artifactory/api/npm/virtual-npm/bs-platform/-/bs-platform-5.2.1.tgz#3f76f6d4f4c7255296375a8104c8be332770b691"
  integrity sha1-P3b21PTHJVKWN1qBBMi+MydwtpE=
